// !$*UTF8*$!
{
	archiveVersion = 1;
	classes = {
	};
	objectVersion = 56;
	objects = {

/* Begin PBXBuildFile section */
		52DDD95B2A6A1E20008A5D31 /* projectTests.swift in Sources */ = {isa = PBXBuildFile; fileRef = 52DDD95A2A6A1E20008A5D31 /* projectTests.swift */; };
		52DDD9652A6A1E20008A5D31 /* projectUITests.swift in Sources */ = {isa = PBXBuildFile; fileRef = 52DDD9642A6A1E20008A5D31 /* projectUITests.swift */; };
		52DDD9672A6A1E20008A5D31 /* projectUITestsLaunchTests.swift in Sources */ = {isa = PBXBuildFile; fileRef = 52DDD9662A6A1E20008A5D31 /* projectUITestsLaunchTests.swift */; };
		52DDD9832A6A1E3E008A5D31 /* Assets.xcassets in Resources */ = {isa = PBXBuildFile; fileRef = 52DDD9742A6A1E3D008A5D31 /* Assets.xcassets */; };
		52DDD9842A6A1E3E008A5D31 /* LaunchScreen.storyboard in Resources */ = {isa = PBXBuildFile; fileRef = 52DDD9752A6A1E3D008A5D31 /* LaunchScreen.storyboard */; };
		52DDD9862A6A1E3E008A5D31 /* UIViewController+NavigationBarInterceptor.swift in Sources */ = {isa = PBXBuildFile; fileRef = 52DDD97A2A6A1E3D008A5D31 /* UIViewController+NavigationBarInterceptor.swift */; };
		52DDD9872A6A1E3E008A5D31 /* ToolPtotocols.swift in Sources */ = {isa = PBXBuildFile; fileRef = 52DDD97C2A6A1E3D008A5D31 /* ToolPtotocols.swift */; };
		52DDD9882A6A1E3E008A5D31 /* ViewController.swift in Sources */ = {isa = PBXBuildFile; fileRef = 52DDD97E2A6A1E3E008A5D31 /* ViewController.swift */; };
		52DDD9892A6A1E3E008A5D31 /* AppDelegate.swift in Sources */ = {isa = PBXBuildFile; fileRef = 52DDD97F2A6A1E3E008A5D31 /* AppDelegate.swift */; };
		52DDD98A2A6A1E3E008A5D31 /* BaseTabBarController.swift in Sources */ = {isa = PBXBuildFile; fileRef = 52DDD9812A6A1E3E008A5D31 /* BaseTabBarController.swift */; };
		52DDD98B2A6A1E3E008A5D31 /* BaseNavigationController.swift in Sources */ = {isa = PBXBuildFile; fileRef = 52DDD9822A6A1E3E008A5D31 /* BaseNavigationController.swift */; };
		52DDD9902A6A5A9F008A5D31 /* UITableView+IndexPan.m in Sources */ = {isa = PBXBuildFile; fileRef = 52DDD98E2A6A5A9F008A5D31 /* UITableView+IndexPan.m */; };
		52DDD9922A6A5CC0008A5D31 /* Array+Extesion.swift in Sources */ = {isa = PBXBuildFile; fileRef = 52DDD9912A6A5CC0008A5D31 /* Array+Extesion.swift */; };
		52DDD9942A6A5CEF008A5D31 /* Dictionary+Extesion.swift in Sources */ = {isa = PBXBuildFile; fileRef = 52DDD9932A6A5CEF008A5D31 /* Dictionary+Extesion.swift */; };
		52DDD9962A6A5D1A008A5D31 /* Int+Extension.swift in Sources */ = {isa = PBXBuildFile; fileRef = 52DDD9952A6A5D1A008A5D31 /* Int+Extension.swift */; };
		52DDD9982A6A5D6C008A5D31 /* String+Extesion.swift in Sources */ = {isa = PBXBuildFile; fileRef = 52DDD9972A6A5D6C008A5D31 /* String+Extesion.swift */; };
		52DDD99A2A6A5E97008A5D31 /* UIView+Extension.swift in Sources */ = {isa = PBXBuildFile; fileRef = 52DDD9992A6A5E97008A5D31 /* UIView+Extension.swift */; };
		52DDD99C2A6A5F6F008A5D31 /* UIViewController+Extension.swift in Sources */ = {isa = PBXBuildFile; fileRef = 52DDD99B2A6A5F6F008A5D31 /* UIViewController+Extension.swift */; };
		52DDD99F2A6A68B1008A5D31 /* AppConfig.swift in Sources */ = {isa = PBXBuildFile; fileRef = 52DDD99E2A6A68B1008A5D31 /* AppConfig.swift */; };
		67A1FD180DB2806BEB186543 /* Pods_projectTests.framework in Frameworks */ = {isa = PBXBuildFile; fileRef = 1D336AA44E0D88F548369301 /* Pods_projectTests.framework */; };
		6F9FCE37749065780FFDCF2C /* Pods_project_projectUITests.framework in Frameworks */ = {isa = PBXBuildFile; fileRef = FDF9AF161E336A7E7B90EBC2 /* Pods_project_projectUITests.framework */; };
		876B9295688B47D192E94FFA /* Pods_project.framework in Frameworks */ = {isa = PBXBuildFile; fileRef = FCA2B3E2AC1B40FF0CFE2651 /* Pods_project.framework */; };
/* End PBXBuildFile section */

/* Begin PBXContainerItemProxy section */
		52DDD9572A6A1E20008A5D31 /* PBXContainerItemProxy */ = {
			isa = PBXContainerItemProxy;
			containerPortal = 52DDD9382A6A1E1E008A5D31 /* Project object */;
			proxyType = 1;
			remoteGlobalIDString = 52DDD93F2A6A1E1E008A5D31;
			remoteInfo = project;
		};
		52DDD9612A6A1E20008A5D31 /* PBXContainerItemProxy */ = {
			isa = PBXContainerItemProxy;
			containerPortal = 52DDD9382A6A1E1E008A5D31 /* Project object */;
			proxyType = 1;
			remoteGlobalIDString = 52DDD93F2A6A1E1E008A5D31;
			remoteInfo = project;
		};
/* End PBXContainerItemProxy section */

/* Begin PBXFileReference section */
		199D5A985CBAEA4B86A4B3F2 /* Pods-projectTests.debug.xcconfig */ = {isa = PBXFileReference; includeInIndex = 1; lastKnownFileType = text.xcconfig; name = "Pods-projectTests.debug.xcconfig"; path = "Target Support Files/Pods-projectTests/Pods-projectTests.debug.xcconfig"; sourceTree = "<group>"; };
		1D336AA44E0D88F548369301 /* Pods_projectTests.framework */ = {isa = PBXFileReference; explicitFileType = wrapper.framework; includeInIndex = 0; path = Pods_projectTests.framework; sourceTree = BUILT_PRODUCTS_DIR; };
		3644ACF47E15B2B52F06E48B /* Pods-project.release.xcconfig */ = {isa = PBXFileReference; includeInIndex = 1; lastKnownFileType = text.xcconfig; name = "Pods-project.release.xcconfig"; path = "Target Support Files/Pods-project/Pods-project.release.xcconfig"; sourceTree = "<group>"; };
		372CFE99FED341B07479C420 /* Pods-projectTests.release.xcconfig */ = {isa = PBXFileReference; includeInIndex = 1; lastKnownFileType = text.xcconfig; name = "Pods-projectTests.release.xcconfig"; path = "Target Support Files/Pods-projectTests/Pods-projectTests.release.xcconfig"; sourceTree = "<group>"; };
		4435405CCDA53491B8173B17 /* Pods-project-projectUITests.debug.xcconfig */ = {isa = PBXFileReference; includeInIndex = 1; lastKnownFileType = text.xcconfig; name = "Pods-project-projectUITests.debug.xcconfig"; path = "Target Support Files/Pods-project-projectUITests/Pods-project-projectUITests.debug.xcconfig"; sourceTree = "<group>"; };
		52DDD9402A6A1E1E008A5D31 /* project.app */ = {isa = PBXFileReference; explicitFileType = wrapper.application; includeInIndex = 0; path = project.app; sourceTree = BUILT_PRODUCTS_DIR; };
		52DDD9562A6A1E20008A5D31 /* projectTests.xctest */ = {isa = PBXFileReference; explicitFileType = wrapper.cfbundle; includeInIndex = 0; path = projectTests.xctest; sourceTree = BUILT_PRODUCTS_DIR; };
		52DDD95A2A6A1E20008A5D31 /* projectTests.swift */ = {isa = PBXFileReference; lastKnownFileType = sourcecode.swift; path = projectTests.swift; sourceTree = "<group>"; };
		52DDD9602A6A1E20008A5D31 /* projectUITests.xctest */ = {isa = PBXFileReference; explicitFileType = wrapper.cfbundle; includeInIndex = 0; path = projectUITests.xctest; sourceTree = BUILT_PRODUCTS_DIR; };
		52DDD9642A6A1E20008A5D31 /* projectUITests.swift */ = {isa = PBXFileReference; lastKnownFileType = sourcecode.swift; path = projectUITests.swift; sourceTree = "<group>"; };
		52DDD9662A6A1E20008A5D31 /* projectUITestsLaunchTests.swift */ = {isa = PBXFileReference; lastKnownFileType = sourcecode.swift; path = projectUITestsLaunchTests.swift; sourceTree = "<group>"; };
		52DDD9742A6A1E3D008A5D31 /* Assets.xcassets */ = {isa = PBXFileReference; lastKnownFileType = folder.assetcatalog; path = Assets.xcassets; sourceTree = "<group>"; };
		52DDD9762A6A1E3D008A5D31 /* Base */ = {isa = PBXFileReference; lastKnownFileType = file.storyboard; name = Base; path = Base.lproj/LaunchScreen.storyboard; sourceTree = "<group>"; };
		52DDD9772A6A1E3D008A5D31 /* Info.plist */ = {isa = PBXFileReference; fileEncoding = 4; lastKnownFileType = text.plist.xml; path = Info.plist; sourceTree = "<group>"; };
		52DDD97A2A6A1E3D008A5D31 /* UIViewController+NavigationBarInterceptor.swift */ = {isa = PBXFileReference; fileEncoding = 4; lastKnownFileType = sourcecode.swift; path = "UIViewController+NavigationBarInterceptor.swift"; sourceTree = "<group>"; };
		52DDD97C2A6A1E3D008A5D31 /* ToolPtotocols.swift */ = {isa = PBXFileReference; fileEncoding = 4; lastKnownFileType = sourcecode.swift; path = ToolPtotocols.swift; sourceTree = "<group>"; };
		52DDD97E2A6A1E3E008A5D31 /* ViewController.swift */ = {isa = PBXFileReference; fileEncoding = 4; lastKnownFileType = sourcecode.swift; path = ViewController.swift; sourceTree = "<group>"; };
		52DDD97F2A6A1E3E008A5D31 /* AppDelegate.swift */ = {isa = PBXFileReference; fileEncoding = 4; lastKnownFileType = sourcecode.swift; path = AppDelegate.swift; sourceTree = "<group>"; };
		52DDD9812A6A1E3E008A5D31 /* BaseTabBarController.swift */ = {isa = PBXFileReference; fileEncoding = 4; lastKnownFileType = sourcecode.swift; path = BaseTabBarController.swift; sourceTree = "<group>"; };
		52DDD9822A6A1E3E008A5D31 /* BaseNavigationController.swift */ = {isa = PBXFileReference; fileEncoding = 4; lastKnownFileType = sourcecode.swift; path = BaseNavigationController.swift; sourceTree = "<group>"; };
		52DDD98D2A6A5A9E008A5D31 /* project-Bridging-Header.h */ = {isa = PBXFileReference; lastKnownFileType = sourcecode.c.h; path = "project-Bridging-Header.h"; sourceTree = "<group>"; };
		52DDD98E2A6A5A9F008A5D31 /* UITableView+IndexPan.m */ = {isa = PBXFileReference; fileEncoding = 4; lastKnownFileType = sourcecode.c.objc; path = "UITableView+IndexPan.m"; sourceTree = "<group>"; };
		52DDD98F2A6A5A9F008A5D31 /* UITableView+IndexPan.h */ = {isa = PBXFileReference; fileEncoding = 4; lastKnownFileType = sourcecode.c.h; path = "UITableView+IndexPan.h"; sourceTree = "<group>"; };
		52DDD9912A6A5CC0008A5D31 /* Array+Extesion.swift */ = {isa = PBXFileReference; lastKnownFileType = sourcecode.swift; path = "Array+Extesion.swift"; sourceTree = "<group>"; };
		52DDD9932A6A5CEF008A5D31 /* Dictionary+Extesion.swift */ = {isa = PBXFileReference; lastKnownFileType = sourcecode.swift; path = "Dictionary+Extesion.swift"; sourceTree = "<group>"; };
		52DDD9952A6A5D1A008A5D31 /* Int+Extension.swift */ = {isa = PBXFileReference; lastKnownFileType = sourcecode.swift; path = "Int+Extension.swift"; sourceTree = "<group>"; };
		52DDD9972A6A5D6C008A5D31 /* String+Extesion.swift */ = {isa = PBXFileReference; lastKnownFileType = sourcecode.swift; path = "String+Extesion.swift"; sourceTree = "<group>"; };
		52DDD9992A6A5E97008A5D31 /* UIView+Extension.swift */ = {isa = PBXFileReference; lastKnownFileType = sourcecode.swift; path = "UIView+Extension.swift"; sourceTree = "<group>"; };
		52DDD99B2A6A5F6F008A5D31 /* UIViewController+Extension.swift */ = {isa = PBXFileReference; lastKnownFileType = sourcecode.swift; path = "UIViewController+Extension.swift"; sourceTree = "<group>"; };
		52DDD99E2A6A68B1008A5D31 /* AppConfig.swift */ = {isa = PBXFileReference; lastKnownFileType = sourcecode.swift; path = AppConfig.swift; sourceTree = "<group>"; };
		BCF2BCA49F1BC5419530E9CE /* Pods-project.debug.xcconfig */ = {isa = PBXFileReference; includeInIndex = 1; lastKnownFileType = text.xcconfig; name = "Pods-project.debug.xcconfig"; path = "Target Support Files/Pods-project/Pods-project.debug.xcconfig"; sourceTree = "<group>"; };
		D726AA686D41895419A5D7D1 /* Pods-project-projectUITests.release.xcconfig */ = {isa = PBXFileReference; includeInIndex = 1; lastKnownFileType = text.xcconfig; name = "Pods-project-projectUITests.release.xcconfig"; path = "Target Support Files/Pods-project-projectUITests/Pods-project-projectUITests.release.xcconfig"; sourceTree = "<group>"; };
		FCA2B3E2AC1B40FF0CFE2651 /* Pods_project.framework */ = {isa = PBXFileReference; explicitFileType = wrapper.framework; includeInIndex = 0; path = Pods_project.framework; sourceTree = BUILT_PRODUCTS_DIR; };
		FDF9AF161E336A7E7B90EBC2 /* Pods_project_projectUITests.framework */ = {isa = PBXFileReference; explicitFileType = wrapper.framework; includeInIndex = 0; path = Pods_project_projectUITests.framework; sourceTree = BUILT_PRODUCTS_DIR; };
/* End PBXFileReference section */

/* Begin PBXFrameworksBuildPhase section */
		52DDD93D2A6A1E1E008A5D31 /* Frameworks */ = {
			isa = PBXFrameworksBuildPhase;
			buildActionMask = 2147483647;
			files = (
				876B9295688B47D192E94FFA /* Pods_project.framework in Frameworks */,
			);
			runOnlyForDeploymentPostprocessing = 0;
		};
		52DDD9532A6A1E20008A5D31 /* Frameworks */ = {
			isa = PBXFrameworksBuildPhase;
			buildActionMask = 2147483647;
			files = (
				67A1FD180DB2806BEB186543 /* Pods_projectTests.framework in Frameworks */,
			);
			runOnlyForDeploymentPostprocessing = 0;
		};
		52DDD95D2A6A1E20008A5D31 /* Frameworks */ = {
			isa = PBXFrameworksBuildPhase;
			buildActionMask = 2147483647;
			files = (
				6F9FCE37749065780FFDCF2C /* Pods_project_projectUITests.framework in Frameworks */,
			);
			runOnlyForDeploymentPostprocessing = 0;
		};
/* End PBXFrameworksBuildPhase section */

/* Begin PBXGroup section */
		444EE3BECBB02D1D8484308E /* Pods */ = {
			isa = PBXGroup;
			children = (
				BCF2BCA49F1BC5419530E9CE /* Pods-project.debug.xcconfig */,
				3644ACF47E15B2B52F06E48B /* Pods-project.release.xcconfig */,
				4435405CCDA53491B8173B17 /* Pods-project-projectUITests.debug.xcconfig */,
				D726AA686D41895419A5D7D1 /* Pods-project-projectUITests.release.xcconfig */,
				199D5A985CBAEA4B86A4B3F2 /* Pods-projectTests.debug.xcconfig */,
				372CFE99FED341B07479C420 /* Pods-projectTests.release.xcconfig */,
			);
			name = Pods;
			path = Pods;
			sourceTree = "<group>";
		};
		52DDD9372A6A1E1E008A5D31 = {
			isa = PBXGroup;
			children = (
				52DDD97D2A6A1E3E008A5D31 /* main */,
				52DDD9732A6A1E3D008A5D31 /* resource */,
				52DDD9782A6A1E3D008A5D31 /* tool */,
				52DDD9422A6A1E1E008A5D31 /* project */,
				52DDD9592A6A1E20008A5D31 /* projectTests */,
				52DDD9632A6A1E20008A5D31 /* projectUITests */,
				52DDD9412A6A1E1E008A5D31 /* Products */,
				444EE3BECBB02D1D8484308E /* Pods */,
				682D56749A467021335F9596 /* Frameworks */,
			);
			sourceTree = "<group>";
		};
		52DDD9412A6A1E1E008A5D31 /* Products */ = {
			isa = PBXGroup;
			children = (
				52DDD9402A6A1E1E008A5D31 /* project.app */,
				52DDD9562A6A1E20008A5D31 /* projectTests.xctest */,
				52DDD9602A6A1E20008A5D31 /* projectUITests.xctest */,
			);
			name = Products;
			sourceTree = "<group>";
		};
		52DDD9422A6A1E1E008A5D31 /* project */ = {
			isa = PBXGroup;
			children = (
			);
			path = project;
			sourceTree = "<group>";
		};
		52DDD9592A6A1E20008A5D31 /* projectTests */ = {
			isa = PBXGroup;
			children = (
				52DDD95A2A6A1E20008A5D31 /* projectTests.swift */,
			);
			path = projectTests;
			sourceTree = "<group>";
		};
		52DDD9632A6A1E20008A5D31 /* projectUITests */ = {
			isa = PBXGroup;
			children = (
				52DDD9642A6A1E20008A5D31 /* projectUITests.swift */,
				52DDD9662A6A1E20008A5D31 /* projectUITestsLaunchTests.swift */,
			);
			path = projectUITests;
			sourceTree = "<group>";
		};
		52DDD9732A6A1E3D008A5D31 /* resource */ = {
			isa = PBXGroup;
			children = (
				52DDD98D2A6A5A9E008A5D31 /* project-Bridging-Header.h */,
				52DDD9742A6A1E3D008A5D31 /* Assets.xcassets */,
				52DDD9752A6A1E3D008A5D31 /* LaunchScreen.storyboard */,
				52DDD9772A6A1E3D008A5D31 /* Info.plist */,
			);
			path = resource;
			sourceTree = "<group>";
		};
		52DDD9782A6A1E3D008A5D31 /* tool */ = {
			isa = PBXGroup;
			children = (
				52DDD9A02A6A84D0008A5D31 /* http */,
				52DDD99D2A6A6890008A5D31 /* global */,
				52DDD9792A6A1E3D008A5D31 /* extesion */,
				52DDD97B2A6A1E3D008A5D31 /* protocol */,
			);
			path = tool;
			sourceTree = "<group>";
		};
		52DDD9792A6A1E3D008A5D31 /* extesion */ = {
			isa = PBXGroup;
			children = (
				52DDD98F2A6A5A9F008A5D31 /* UITableView+IndexPan.h */,
				52DDD98E2A6A5A9F008A5D31 /* UITableView+IndexPan.m */,
				52DDD97A2A6A1E3D008A5D31 /* UIViewController+NavigationBarInterceptor.swift */,
				52DDD9912A6A5CC0008A5D31 /* Array+Extesion.swift */,
				52DDD9932A6A5CEF008A5D31 /* Dictionary+Extesion.swift */,
				52DDD9952A6A5D1A008A5D31 /* Int+Extension.swift */,
				52DDD9972A6A5D6C008A5D31 /* String+Extesion.swift */,
				52DDD9992A6A5E97008A5D31 /* UIView+Extension.swift */,
				52DDD99B2A6A5F6F008A5D31 /* UIViewController+Extension.swift */,
			);
			path = extesion;
			sourceTree = "<group>";
		};
		52DDD97B2A6A1E3D008A5D31 /* protocol */ = {
			isa = PBXGroup;
			children = (
				52DDD97C2A6A1E3D008A5D31 /* ToolPtotocols.swift */,
			);
			path = protocol;
			sourceTree = "<group>";
		};
		52DDD97D2A6A1E3E008A5D31 /* main */ = {
			isa = PBXGroup;
			children = (
				52DDD97E2A6A1E3E008A5D31 /* ViewController.swift */,
				52DDD97F2A6A1E3E008A5D31 /* AppDelegate.swift */,
				52DDD9802A6A1E3E008A5D31 /* base */,
			);
			path = main;
			sourceTree = "<group>";
		};
		52DDD9802A6A1E3E008A5D31 /* base */ = {
			isa = PBXGroup;
			children = (
				52DDD9812A6A1E3E008A5D31 /* BaseTabBarController.swift */,
				52DDD9822A6A1E3E008A5D31 /* BaseNavigationController.swift */,
			);
			path = base;
			sourceTree = "<group>";
		};
		52DDD99D2A6A6890008A5D31 /* global */ = {
			isa = PBXGroup;
			children = (
				52DDD99E2A6A68B1008A5D31 /* AppConfig.swift */,
			);
			path = global;
			sourceTree = "<group>";
		};
		52DDD9A02A6A84D0008A5D31 /* http */ = {
			isa = PBXGroup;
			children = (
			);
			path = http;
			sourceTree = "<group>";
		};
		682D56749A467021335F9596 /* Frameworks */ = {
			isa = PBXGroup;
			children = (
				FCA2B3E2AC1B40FF0CFE2651 /* Pods_project.framework */,
				FDF9AF161E336A7E7B90EBC2 /* Pods_project_projectUITests.framework */,
				1D336AA44E0D88F548369301 /* Pods_projectTests.framework */,
			);
			name = Frameworks;
			sourceTree = "<group>";
		};
/* End PBXGroup section */

/* Begin PBXNativeTarget section */
		52DDD93F2A6A1E1E008A5D31 /* project */ = {
			isa = PBXNativeTarget;
			buildConfigurationList = 52DDD96A2A6A1E20008A5D31 /* Build configuration list for PBXNativeTarget "project" */;
			buildPhases = (
				70939DF9932A4EF2AAAE5037 /* [CP] Check Pods Manifest.lock */,
				52DDD93C2A6A1E1E008A5D31 /* Sources */,
				52DDD93D2A6A1E1E008A5D31 /* Frameworks */,
				52DDD93E2A6A1E1E008A5D31 /* Resources */,
			);
			buildRules = (
			);
			dependencies = (
			);
			name = project;
			productName = project;
			productReference = 52DDD9402A6A1E1E008A5D31 /* project.app */;
			productType = "com.apple.product-type.application";
		};
		52DDD9552A6A1E20008A5D31 /* projectTests */ = {
			isa = PBXNativeTarget;
			buildConfigurationList = 52DDD96D2A6A1E20008A5D31 /* Build configuration list for PBXNativeTarget "projectTests" */;
			buildPhases = (
				517EB2DAE09885C62D42E365 /* [CP] Check Pods Manifest.lock */,
				52DDD9522A6A1E20008A5D31 /* Sources */,
				52DDD9532A6A1E20008A5D31 /* Frameworks */,
				52DDD9542A6A1E20008A5D31 /* Resources */,
			);
			buildRules = (
			);
			dependencies = (
				52DDD9582A6A1E20008A5D31 /* PBXTargetDependency */,
			);
			name = projectTests;
			productName = projectTests;
			productReference = 52DDD9562A6A1E20008A5D31 /* projectTests.xctest */;
			productType = "com.apple.product-type.bundle.unit-test";
		};
		52DDD95F2A6A1E20008A5D31 /* projectUITests */ = {
			isa = PBXNativeTarget;
			buildConfigurationList = 52DDD9702A6A1E20008A5D31 /* Build configuration list for PBXNativeTarget "projectUITests" */;
			buildPhases = (
				BAE7E19162380F3C289D523A /* [CP] Check Pods Manifest.lock */,
				52DDD95C2A6A1E20008A5D31 /* Sources */,
				52DDD95D2A6A1E20008A5D31 /* Frameworks */,
				52DDD95E2A6A1E20008A5D31 /* Resources */,
			);
			buildRules = (
			);
			dependencies = (
				52DDD9622A6A1E20008A5D31 /* PBXTargetDependency */,
			);
			name = projectUITests;
			productName = projectUITests;
			productReference = 52DDD9602A6A1E20008A5D31 /* projectUITests.xctest */;
			productType = "com.apple.product-type.bundle.ui-testing";
		};
/* End PBXNativeTarget section */

/* Begin PBXProject section */
		52DDD9382A6A1E1E008A5D31 /* Project object */ = {
			isa = PBXProject;
			attributes = {
				BuildIndependentTargetsInParallel = 1;
				LastSwiftUpdateCheck = 1430;
				LastUpgradeCheck = 1430;
				TargetAttributes = {
					52DDD93F2A6A1E1E008A5D31 = {
						CreatedOnToolsVersion = 14.3.1;
						LastSwiftMigration = 1430;
					};
					52DDD9552A6A1E20008A5D31 = {
						CreatedOnToolsVersion = 14.3.1;
						TestTargetID = 52DDD93F2A6A1E1E008A5D31;
					};
					52DDD95F2A6A1E20008A5D31 = {
						CreatedOnToolsVersion = 14.3.1;
						TestTargetID = 52DDD93F2A6A1E1E008A5D31;
					};
				};
			};
			buildConfigurationList = 52DDD93B2A6A1E1E008A5D31 /* Build configuration list for PBXProject "project" */;
			compatibilityVersion = "Xcode 14.0";
			developmentRegion = en;
			hasScannedForEncodings = 0;
			knownRegions = (
				en,
				Base,
			);
			mainGroup = 52DDD9372A6A1E1E008A5D31;
			productRefGroup = 52DDD9412A6A1E1E008A5D31 /* Products */;
			projectDirPath = "";
			projectRoot = "";
			targets = (
				52DDD93F2A6A1E1E008A5D31 /* project */,
				52DDD9552A6A1E20008A5D31 /* projectTests */,
				52DDD95F2A6A1E20008A5D31 /* projectUITests */,
			);
		};
/* End PBXProject section */

/* Begin PBXResourcesBuildPhase section */
		52DDD93E2A6A1E1E008A5D31 /* Resources */ = {
			isa = PBXResourcesBuildPhase;
			buildActionMask = 2147483647;
			files = (
				52DDD9832A6A1E3E008A5D31 /* Assets.xcassets in Resources */,
				52DDD9842A6A1E3E008A5D31 /* LaunchScreen.storyboard in Resources */,
			);
			runOnlyForDeploymentPostprocessing = 0;
		};
		52DDD9542A6A1E20008A5D31 /* Resources */ = {
			isa = PBXResourcesBuildPhase;
			buildActionMask = 2147483647;
			files = (
			);
			runOnlyForDeploymentPostprocessing = 0;
		};
		52DDD95E2A6A1E20008A5D31 /* Resources */ = {
			isa = PBXResourcesBuildPhase;
			buildActionMask = 2147483647;
			files = (
			);
			runOnlyForDeploymentPostprocessing = 0;
		};
/* End PBXResourcesBuildPhase section */

/* Begin PBXShellScriptBuildPhase section */
		517EB2DAE09885C62D42E365 /* [CP] Check Pods Manifest.lock */ = {
			isa = PBXShellScriptBuildPhase;
			buildActionMask = 2147483647;
			files = (
			);
			inputFileListPaths = (
			);
			inputPaths = (
				"${PODS_PODFILE_DIR_PATH}/Podfile.lock",
				"${PODS_ROOT}/Manifest.lock",
			);
			name = "[CP] Check Pods Manifest.lock";
			outputFileListPaths = (
			);
			outputPaths = (
				"$(DERIVED_FILE_DIR)/Pods-projectTests-checkManifestLockResult.txt",
			);
			runOnlyForDeploymentPostprocessing = 0;
			shellPath = /bin/sh;
			shellScript = "diff \"${PODS_PODFILE_DIR_PATH}/Podfile.lock\" \"${PODS_ROOT}/Manifest.lock\" > /dev/null\nif [ $? != 0 ] ; then\n    # print error to STDERR\n    echo \"error: The sandbox is not in sync with the Podfile.lock. Run 'pod install' or update your CocoaPods installation.\" >&2\n    exit 1\nfi\n# This output is used by Xcode 'outputs' to avoid re-running this script phase.\necho \"SUCCESS\" > \"${SCRIPT_OUTPUT_FILE_0}\"\n";
			showEnvVarsInLog = 0;
		};
		70939DF9932A4EF2AAAE5037 /* [CP] Check Pods Manifest.lock */ = {
			isa = PBXShellScriptBuildPhase;
			buildActionMask = 2147483647;
			files = (
			);
			inputFileListPaths = (
			);
			inputPaths = (
				"${PODS_PODFILE_DIR_PATH}/Podfile.lock",
				"${PODS_ROOT}/Manifest.lock",
			);
			name = "[CP] Check Pods Manifest.lock";
			outputFileListPaths = (
			);
			outputPaths = (
				"$(DERIVED_FILE_DIR)/Pods-project-checkManifestLockResult.txt",
			);
			runOnlyForDeploymentPostprocessing = 0;
			shellPath = /bin/sh;
			shellScript = "diff \"${PODS_PODFILE_DIR_PATH}/Podfile.lock\" \"${PODS_ROOT}/Manifest.lock\" > /dev/null\nif [ $? != 0 ] ; then\n    # print error to STDERR\n    echo \"error: The sandbox is not in sync with the Podfile.lock. Run 'pod install' or update your CocoaPods installation.\" >&2\n    exit 1\nfi\n# This output is used by Xcode 'outputs' to avoid re-running this script phase.\necho \"SUCCESS\" > \"${SCRIPT_OUTPUT_FILE_0}\"\n";
			showEnvVarsInLog = 0;
		};
		BAE7E19162380F3C289D523A /* [CP] Check Pods Manifest.lock */ = {
			isa = PBXShellScriptBuildPhase;
			buildActionMask = 2147483647;
			files = (
			);
			inputFileListPaths = (
			);
			inputPaths = (
				"${PODS_PODFILE_DIR_PATH}/Podfile.lock",
				"${PODS_ROOT}/Manifest.lock",
			);
			name = "[CP] Check Pods Manifest.lock";
			outputFileListPaths = (
			);
			outputPaths = (
				"$(DERIVED_FILE_DIR)/Pods-project-projectUITests-checkManifestLockResult.txt",
			);
			runOnlyForDeploymentPostprocessing = 0;
			shellPath = /bin/sh;
			shellScript = "diff \"${PODS_PODFILE_DIR_PATH}/Podfile.lock\" \"${PODS_ROOT}/Manifest.lock\" > /dev/null\nif [ $? != 0 ] ; then\n    # print error to STDERR\n    echo \"error: The sandbox is not in sync with the Podfile.lock. Run 'pod install' or update your CocoaPods installation.\" >&2\n    exit 1\nfi\n# This output is used by Xcode 'outputs' to avoid re-running this script phase.\necho \"SUCCESS\" > \"${SCRIPT_OUTPUT_FILE_0}\"\n";
			showEnvVarsInLog = 0;
		};
/* End PBXShellScriptBuildPhase section */

/* Begin PBXSourcesBuildPhase section */
		52DDD93C2A6A1E1E008A5D31 /* Sources */ = {
			isa = PBXSourcesBuildPhase;
			buildActionMask = 2147483647;
			files = (
				52DDD9922A6A5CC0008A5D31 /* Array+Extesion.swift in Sources */,
				52DDD99C2A6A5F6F008A5D31 /* UIViewController+Extension.swift in Sources */,
				52DDD9942A6A5CEF008A5D31 /* Dictionary+Extesion.swift in Sources */,
				52DDD99F2A6A68B1008A5D31 /* AppConfig.swift in Sources */,
				52DDD9892A6A1E3E008A5D31 /* AppDelegate.swift in Sources */,
				52DDD9882A6A1E3E008A5D31 /* ViewController.swift in Sources */,
				52DDD9902A6A5A9F008A5D31 /* UITableView+IndexPan.m in Sources */,
				52DDD9962A6A5D1A008A5D31 /* Int+Extension.swift in Sources */,
				52DDD99A2A6A5E97008A5D31 /* UIView+Extension.swift in Sources */,
				52DDD98B2A6A1E3E008A5D31 /* BaseNavigationController.swift in Sources */,
				52DDD9982A6A5D6C008A5D31 /* String+Extesion.swift in Sources */,
				52DDD98A2A6A1E3E008A5D31 /* BaseTabBarController.swift in Sources */,
				52DDD9862A6A1E3E008A5D31 /* UIViewController+NavigationBarInterceptor.swift in Sources */,
				52DDD9872A6A1E3E008A5D31 /* ToolPtotocols.swift in Sources */,
			);
			runOnlyForDeploymentPostprocessing = 0;
		};
		52DDD9522A6A1E20008A5D31 /* Sources */ = {
			isa = PBXSourcesBuildPhase;
			buildActionMask = 2147483647;
			files = (
				52DDD95B2A6A1E20008A5D31 /* projectTests.swift in Sources */,
			);
			runOnlyForDeploymentPostprocessing = 0;
		};
		52DDD95C2A6A1E20008A5D31 /* Sources */ = {
			isa = PBXSourcesBuildPhase;
			buildActionMask = 2147483647;
			files = (
				52DDD9672A6A1E20008A5D31 /* projectUITestsLaunchTests.swift in Sources */,
				52DDD9652A6A1E20008A5D31 /* projectUITests.swift in Sources */,
			);
			runOnlyForDeploymentPostprocessing = 0;
		};
/* End PBXSourcesBuildPhase section */

/* Begin PBXTargetDependency section */
		52DDD9582A6A1E20008A5D31 /* PBXTargetDependency */ = {
			isa = PBXTargetDependency;
			target = 52DDD93F2A6A1E1E008A5D31 /* project */;
			targetProxy = 52DDD9572A6A1E20008A5D31 /* PBXContainerItemProxy */;
		};
		52DDD9622A6A1E20008A5D31 /* PBXTargetDependency */ = {
			isa = PBXTargetDependency;
			target = 52DDD93F2A6A1E1E008A5D31 /* project */;
			targetProxy = 52DDD9612A6A1E20008A5D31 /* PBXContainerItemProxy */;
		};
/* End PBXTargetDependency section */

/* Begin PBXVariantGroup section */
		52DDD9752A6A1E3D008A5D31 /* LaunchScreen.storyboard */ = {
			isa = PBXVariantGroup;
			children = (
				52DDD9762A6A1E3D008A5D31 /* Base */,
			);
			name = LaunchScreen.storyboard;
			sourceTree = "<group>";
		};
/* End PBXVariantGroup section */

/* Begin XCBuildConfiguration section */
		52DDD9682A6A1E20008A5D31 /* Debug */ = {
			isa = XCBuildConfiguration;
			buildSettings = {
				ALWAYS_SEARCH_USER_PATHS = NO;
				CLANG_ANALYZER_NONNULL = YES;
				CLANG_ANALYZER_NUMBER_OBJECT_CONVERSION = YES_AGGRESSIVE;
				CLANG_CXX_LANGUAGE_STANDARD = "gnu++20";
				CLANG_ENABLE_MODULES = YES;
				CLANG_ENABLE_OBJC_ARC = YES;
				CLANG_ENABLE_OBJC_WEAK = YES;
				CLANG_WARN_BLOCK_CAPTURE_AUTORELEASING = YES;
				CLANG_WARN_BOOL_CONVERSION = YES;
				CLANG_WARN_COMMA = YES;
				CLANG_WARN_CONSTANT_CONVERSION = YES;
				CLANG_WARN_DEPRECATED_OBJC_IMPLEMENTATIONS = YES;
				CLANG_WARN_DIRECT_OBJC_ISA_USAGE = YES_ERROR;
				CLANG_WARN_DOCUMENTATION_COMMENTS = YES;
				CLANG_WARN_EMPTY_BODY = YES;
				CLANG_WARN_ENUM_CONVERSION = YES;
				CLANG_WARN_INFINITE_RECURSION = YES;
				CLANG_WARN_INT_CONVERSION = YES;
				CLANG_WARN_NON_LITERAL_NULL_CONVERSION = YES;
				CLANG_WARN_OBJC_IMPLICIT_RETAIN_SELF = YES;
				CLANG_WARN_OBJC_LITERAL_CONVERSION = YES;
				CLANG_WARN_OBJC_ROOT_CLASS = YES_ERROR;
				CLANG_WARN_QUOTED_INCLUDE_IN_FRAMEWORK_HEADER = YES;
				CLANG_WARN_RANGE_LOOP_ANALYSIS = YES;
				CLANG_WARN_STRICT_PROTOTYPES = YES;
				CLANG_WARN_SUSPICIOUS_MOVE = YES;
				CLANG_WARN_UNGUARDED_AVAILABILITY = YES_AGGRESSIVE;
				CLANG_WARN_UNREACHABLE_CODE = YES;
				CLANG_WARN__DUPLICATE_METHOD_MATCH = YES;
				COPY_PHASE_STRIP = NO;
				DEBUG_INFORMATION_FORMAT = dwarf;
				ENABLE_STRICT_OBJC_MSGSEND = YES;
				ENABLE_TESTABILITY = YES;
				GCC_C_LANGUAGE_STANDARD = gnu11;
				GCC_DYNAMIC_NO_PIC = NO;
				GCC_NO_COMMON_BLOCKS = YES;
				GCC_OPTIMIZATION_LEVEL = 0;
				GCC_PREPROCESSOR_DEFINITIONS = (
					"DEBUG=1",
					"$(inherited)",
				);
				GCC_WARN_64_TO_32_BIT_CONVERSION = YES;
				GCC_WARN_ABOUT_RETURN_TYPE = YES_ERROR;
				GCC_WARN_UNDECLARED_SELECTOR = YES;
				GCC_WARN_UNINITIALIZED_AUTOS = YES_AGGRESSIVE;
				GCC_WARN_UNUSED_FUNCTION = YES;
				GCC_WARN_UNUSED_VARIABLE = YES;
				IPHONEOS_DEPLOYMENT_TARGET = 13.0;
				MTL_ENABLE_DEBUG_INFO = INCLUDE_SOURCE;
				MTL_FAST_MATH = YES;
				ONLY_ACTIVE_ARCH = YES;
				SDKROOT = iphoneos;
				SWIFT_ACTIVE_COMPILATION_CONDITIONS = DEBUG;
				SWIFT_OPTIMIZATION_LEVEL = "-Onone";
			};
			name = Debug;
		};
		52DDD9692A6A1E20008A5D31 /* Release */ = {
			isa = XCBuildConfiguration;
			buildSettings = {
				ALWAYS_SEARCH_USER_PATHS = NO;
				CLANG_ANALYZER_NONNULL = YES;
				CLANG_ANALYZER_NUMBER_OBJECT_CONVERSION = YES_AGGRESSIVE;
				CLANG_CXX_LANGUAGE_STANDARD = "gnu++20";
				CLANG_ENABLE_MODULES = YES;
				CLANG_ENABLE_OBJC_ARC = YES;
				CLANG_ENABLE_OBJC_WEAK = YES;
				CLANG_WARN_BLOCK_CAPTURE_AUTORELEASING = YES;
				CLANG_WARN_BOOL_CONVERSION = YES;
				CLANG_WARN_COMMA = YES;
				CLANG_WARN_CONSTANT_CONVERSION = YES;
				CLANG_WARN_DEPRECATED_OBJC_IMPLEMENTATIONS = YES;
				CLANG_WARN_DIRECT_OBJC_ISA_USAGE = YES_ERROR;
				CLANG_WARN_DOCUMENTATION_COMMENTS = YES;
				CLANG_WARN_EMPTY_BODY = YES;
				CLANG_WARN_ENUM_CONVERSION = YES;
				CLANG_WARN_INFINITE_RECURSION = YES;
				CLANG_WARN_INT_CONVERSION = YES;
				CLANG_WARN_NON_LITERAL_NULL_CONVERSION = YES;
				CLANG_WARN_OBJC_IMPLICIT_RETAIN_SELF = YES;
				CLANG_WARN_OBJC_LITERAL_CONVERSION = YES;
				CLANG_WARN_OBJC_ROOT_CLASS = YES_ERROR;
				CLANG_WARN_QUOTED_INCLUDE_IN_FRAMEWORK_HEADER = YES;
				CLANG_WARN_RANGE_LOOP_ANALYSIS = YES;
				CLANG_WARN_STRICT_PROTOTYPES = YES;
				CLANG_WARN_SUSPICIOUS_MOVE = YES;
				CLANG_WARN_UNGUARDED_AVAILABILITY = YES_AGGRESSIVE;
				CLANG_WARN_UNREACHABLE_CODE = YES;
				CLANG_WARN__DUPLICATE_METHOD_MATCH = YES;
				COPY_PHASE_STRIP = NO;
				DEBUG_INFORMATION_FORMAT = "dwarf-with-dsym";
				ENABLE_NS_ASSERTIONS = NO;
				ENABLE_STRICT_OBJC_MSGSEND = YES;
				GCC_C_LANGUAGE_STANDARD = gnu11;
				GCC_NO_COMMON_BLOCKS = YES;
				GCC_WARN_64_TO_32_BIT_CONVERSION = YES;
				GCC_WARN_ABOUT_RETURN_TYPE = YES_ERROR;
				GCC_WARN_UNDECLARED_SELECTOR = YES;
				GCC_WARN_UNINITIALIZED_AUTOS = YES_AGGRESSIVE;
				GCC_WARN_UNUSED_FUNCTION = YES;
				GCC_WARN_UNUSED_VARIABLE = YES;
				IPHONEOS_DEPLOYMENT_TARGET = 13.0;
				MTL_ENABLE_DEBUG_INFO = NO;
				MTL_FAST_MATH = YES;
				SDKROOT = iphoneos;
				SWIFT_COMPILATION_MODE = wholemodule;
				SWIFT_OPTIMIZATION_LEVEL = "-O";
				VALIDATE_PRODUCT = YES;
			};
			name = Release;
		};
		52DDD96B2A6A1E20008A5D31 /* Debug */ = {
			isa = XCBuildConfiguration;
			baseConfigurationReference = BCF2BCA49F1BC5419530E9CE /* Pods-project.debug.xcconfig */;
			buildSettings = {
				ASSETCATALOG_COMPILER_APPICON_NAME = AppIcon;
				ASSETCATALOG_COMPILER_GLOBAL_ACCENT_COLOR_NAME = AccentColor;
				CLANG_ENABLE_MODULES = YES;
				"CODE_SIGN_IDENTITY[sdk=iphoneos*]" = "iPhone Developer";
				CODE_SIGN_STYLE = Manual;
				CURRENT_PROJECT_VERSION = 1;
				DEVELOPMENT_TEAM = "";
				"DEVELOPMENT_TEAM[sdk=iphoneos*]" = 8TVVSWDFRD;
				GENERATE_INFOPLIST_FILE = YES;
				INFOPLIST_FILE = "$(SRCROOT)/resource/Info.plist";
				INFOPLIST_KEY_UIApplicationSupportsIndirectInputEvents = YES;
				INFOPLIST_KEY_UILaunchStoryboardName = LaunchScreen;
				INFOPLIST_KEY_UIMainStoryboardFile = Main;
				INFOPLIST_KEY_UISupportedInterfaceOrientations_iPad = "UIInterfaceOrientationPortrait UIInterfaceOrientationPortraitUpsideDown UIInterfaceOrientationLandscapeLeft UIInterfaceOrientationLandscapeRight";
				INFOPLIST_KEY_UISupportedInterfaceOrientations_iPhone = "UIInterfaceOrientationPortrait UIInterfaceOrientationLandscapeLeft UIInterfaceOrientationLandscapeRight";
				LD_RUNPATH_SEARCH_PATHS = (
					"$(inherited)",
					"@executable_path/Frameworks",
				);
				MARKETING_VERSION = 1.0;
				PRODUCT_BUNDLE_IDENTIFIER = com.juswin.youniu;
				PRODUCT_NAME = "$(TARGET_NAME)";
				PROVISIONING_PROFILE_SPECIFIER = "";
				"PROVISIONING_PROFILE_SPECIFIER[sdk=iphoneos*]" = youniu_pro_dev;
				SWIFT_EMIT_LOC_STRINGS = YES;
				SWIFT_OBJC_BRIDGING_HEADER = "tool/extesion/project-Bridging-Header.h";
				SWIFT_OPTIMIZATION_LEVEL = "-Onone";
				SWIFT_VERSION = 5.0;
				TARGETED_DEVICE_FAMILY = "1,2";
			};
			name = Debug;
		};
		52DDD96C2A6A1E20008A5D31 /* Release */ = {
			isa = XCBuildConfiguration;
			baseConfigurationReference = 3644ACF47E15B2B52F06E48B /* Pods-project.release.xcconfig */;
			buildSettings = {
				ASSETCATALOG_COMPILER_APPICON_NAME = AppIcon;
				ASSETCATALOG_COMPILER_GLOBAL_ACCENT_COLOR_NAME = AccentColor;
				CLANG_ENABLE_MODULES = YES;
				"CODE_SIGN_IDENTITY[sdk=iphoneos*]" = "iPhone Distribution";
				CODE_SIGN_STYLE = Manual;
				CURRENT_PROJECT_VERSION = 1;
				DEVELOPMENT_TEAM = "";
				"DEVELOPMENT_TEAM[sdk=iphoneos*]" = 8TVVSWDFRD;
				GENERATE_INFOPLIST_FILE = YES;
				INFOPLIST_FILE = "$(SRCROOT)/resource/Info.plist";
				INFOPLIST_KEY_UIApplicationSupportsIndirectInputEvents = YES;
				INFOPLIST_KEY_UILaunchStoryboardName = LaunchScreen;
				INFOPLIST_KEY_UIMainStoryboardFile = Main;
				INFOPLIST_KEY_UISupportedInterfaceOrientations_iPad = "UIInterfaceOrientationPortrait UIInterfaceOrientationPortraitUpsideDown UIInterfaceOrientationLandscapeLeft UIInterfaceOrientationLandscapeRight";
				INFOPLIST_KEY_UISupportedInterfaceOrientations_iPhone = "UIInterfaceOrientationPortrait UIInterfaceOrientationLandscapeLeft UIInterfaceOrientationLandscapeRight";
				LD_RUNPATH_SEARCH_PATHS = (
					"$(inherited)",
					"@executable_path/Frameworks",
				);
				MARKETING_VERSION = 1.0;
				PRODUCT_BUNDLE_IDENTIFIER = com.juswin.youniu;
				PRODUCT_NAME = "$(TARGET_NAME)";
				PROVISIONING_PROFILE_SPECIFIER = "";
				"PROVISIONING_PROFILE_SPECIFIER[sdk=iphoneos*]" = youniu_pro_adhoc;
				SWIFT_EMIT_LOC_STRINGS = YES;
				SWIFT_OBJC_BRIDGING_HEADER = "tool/extesion/project-Bridging-Header.h";
				SWIFT_VERSION = 5.0;
				TARGETED_DEVICE_FAMILY = "1,2";
			};
			name = Release;
		};
		52DDD96E2A6A1E20008A5D31 /* Debug */ = {
			isa = XCBuildConfiguration;
			baseConfigurationReference = 199D5A985CBAEA4B86A4B3F2 /* Pods-projectTests.debug.xcconfig */;
			buildSettings = {
				ALWAYS_EMBED_SWIFT_STANDARD_LIBRARIES = YES;
				BUNDLE_LOADER = "$(TEST_HOST)";
				CODE_SIGN_STYLE = Automatic;
				CURRENT_PROJECT_VERSION = 1;
				DEVELOPMENT_TEAM = 8TVVSWDFRD;
				GENERATE_INFOPLIST_FILE = YES;
				IPHONEOS_DEPLOYMENT_TARGET = 16.4;
				MARKETING_VERSION = 1.0;
				PRODUCT_BUNDLE_IDENTIFIER = com.juswin.youniu.projectTests;
				PRODUCT_NAME = "$(TARGET_NAME)";
				SWIFT_EMIT_LOC_STRINGS = NO;
				SWIFT_VERSION = 5.0;
				TARGETED_DEVICE_FAMILY = "1,2";
				TEST_HOST = "$(BUILT_PRODUCTS_DIR)/project.app/$(BUNDLE_EXECUTABLE_FOLDER_PATH)/project";
			};
			name = Debug;
		};
		52DDD96F2A6A1E20008A5D31 /* Release */ = {
			isa = XCBuildConfiguration;
			baseConfigurationReference = 372CFE99FED341B07479C420 /* Pods-projectTests.release.xcconfig */;
			buildSettings = {
				ALWAYS_EMBED_SWIFT_STANDARD_LIBRARIES = YES;
				BUNDLE_LOADER = "$(TEST_HOST)";
				CODE_SIGN_STYLE = Automatic;
				CURRENT_PROJECT_VERSION = 1;
				DEVELOPMENT_TEAM = 8TVVSWDFRD;
				GENERATE_INFOPLIST_FILE = YES;
				IPHONEOS_DEPLOYMENT_TARGET = 16.4;
				MARKETING_VERSION = 1.0;
				PRODUCT_BUNDLE_IDENTIFIER = com.juswin.youniu.projectTests;
				PRODUCT_NAME = "$(TARGET_NAME)";
				SWIFT_EMIT_LOC_STRINGS = NO;
				SWIFT_VERSION = 5.0;
				TARGETED_DEVICE_FAMILY = "1,2";
				TEST_HOST = "$(BUILT_PRODUCTS_DIR)/project.app/$(BUNDLE_EXECUTABLE_FOLDER_PATH)/project";
			};
			name = Release;
		};
		52DDD9712A6A1E20008A5D31 /* Debug */ = {
			isa = XCBuildConfiguration;
			baseConfigurationReference = 4435405CCDA53491B8173B17 /* Pods-project-projectUITests.debug.xcconfig */;
			buildSettings = {
				ALWAYS_EMBED_SWIFT_STANDARD_LIBRARIES = YES;
				CODE_SIGN_STYLE = Automatic;
				CURRENT_PROJECT_VERSION = 1;
				DEVELOPMENT_TEAM = 8TVVSWDFRD;
				GENERATE_INFOPLIST_FILE = YES;
				MARKETING_VERSION = 1.0;
				PRODUCT_BUNDLE_IDENTIFIER = com.juswin.youniu.projectUITests;
				PRODUCT_NAME = "$(TARGET_NAME)";
				SWIFT_EMIT_LOC_STRINGS = NO;
				SWIFT_VERSION = 5.0;
				TARGETED_DEVICE_FAMILY = "1,2";
				TEST_TARGET_NAME = project;
			};
			name = Debug;
		};
		52DDD9722A6A1E20008A5D31 /* Release */ = {
			isa = XCBuildConfiguration;
			baseConfigurationReference = D726AA686D41895419A5D7D1 /* Pods-project-projectUITests.release.xcconfig */;
			buildSettings = {
				ALWAYS_EMBED_SWIFT_STANDARD_LIBRARIES = YES;
				CODE_SIGN_STYLE = Automatic;
				CURRENT_PROJECT_VERSION = 1;
				DEVELOPMENT_TEAM = 8TVVSWDFRD;
				GENERATE_INFOPLIST_FILE = YES;
				MARKETING_VERSION = 1.0;
				PRODUCT_BUNDLE_IDENTIFIER = com.juswin.youniu.projectUITests;
				PRODUCT_NAME = "$(TARGET_NAME)";
				SWIFT_EMIT_LOC_STRINGS = NO;
				SWIFT_VERSION = 5.0;
				TARGETED_DEVICE_FAMILY = "1,2";
				TEST_TARGET_NAME = project;
			};
			name = Release;
		};
/* End XCBuildConfiguration section */

/* Begin XCConfigurationList section */
		52DDD93B2A6A1E1E008A5D31 /* Build configuration list for PBXProject "project" */ = {
			isa = XCConfigurationList;
			buildConfigurations = (
				52DDD9682A6A1E20008A5D31 /* Debug */,
				52DDD9692A6A1E20008A5D31 /* Release */,
			);
			defaultConfigurationIsVisible = 0;
			defaultConfigurationName = Release;
		};
		52DDD96A2A6A1E20008A5D31 /* Build configuration list for PBXNativeTarget "project" */ = {
			isa = XCConfigurationList;
			buildConfigurations = (
				52DDD96B2A6A1E20008A5D31 /* Debug */,
				52DDD96C2A6A1E20008A5D31 /* Release */,
			);
			defaultConfigurationIsVisible = 0;
			defaultConfigurationName = Release;
		};
		52DDD96D2A6A1E20008A5D31 /* Build configuration list for PBXNativeTarget "projectTests" */ = {
			isa = XCConfigurationList;
			buildConfigurations = (
				52DDD96E2A6A1E20008A5D31 /* Debug */,
				52DDD96F2A6A1E20008A5D31 /* Release */,
			);
			defaultConfigurationIsVisible = 0;
			defaultConfigurationName = Release;
		};
		52DDD9702A6A1E20008A5D31 /* Build configuration list for PBXNativeTarget "projectUITests" */ = {
			isa = XCConfigurationList;
			buildConfigurations = (
				52DDD9712A6A1E20008A5D31 /* Debug */,
				52DDD9722A6A1E20008A5D31 /* Release */,
			);
			defaultConfigurationIsVisible = 0;
			defaultConfigurationName = Release;
		};
/* End XCConfigurationList section */
	};
	rootObject = 52DDD9382A6A1E1E008A5D31 /* Project object */;
}
